// !$*UTF8*$!
{
	archiveVersion = 1;
	classes = {
	};
	objectVersion = 50;
	objects = {

/* Begin PBXBuildFile section */
		6512D2812208F4DC00C53E19 /* AppDelegate.swift in Sources */ = {isa = PBXBuildFile; fileRef = 6512D2802208F4DC00C53E19 /* AppDelegate.swift */; };
		6512D2832208F4DC00C53E19 /* SearchViewController.swift in Sources */ = {isa = PBXBuildFile; fileRef = 6512D2822208F4DC00C53E19 /* SearchViewController.swift */; };
		6512D2862208F4DC00C53E19 /* Main.storyboard in Resources */ = {isa = PBXBuildFile; fileRef = 6512D2842208F4DC00C53E19 /* Main.storyboard */; };
		6512D2892208F4DC00C53E19 /* Reciplease.xcdatamodeld in Sources */ = {isa = PBXBuildFile; fileRef = 6512D2872208F4DC00C53E19 /* Reciplease.xcdatamodeld */; };
		6512D28B2208F4DF00C53E19 /* Assets.xcassets in Resources */ = {isa = PBXBuildFile; fileRef = 6512D28A2208F4DF00C53E19 /* Assets.xcassets */; };
		6512D28E2208F4DF00C53E19 /* LaunchScreen.storyboard in Resources */ = {isa = PBXBuildFile; fileRef = 6512D28C2208F4DF00C53E19 /* LaunchScreen.storyboard */; };
		65452F5D2214274C009B28DF /* Constants.swift in Sources */ = {isa = PBXBuildFile; fileRef = 65452F5C2214274C009B28DF /* Constants.swift */; };
		65452F602219E372009B28DF /* String.swift in Sources */ = {isa = PBXBuildFile; fileRef = 65452F5F2219E372009B28DF /* String.swift */; };
		65452F62221CA14C009B28DF /* YummlyProtocol.swift in Sources */ = {isa = PBXBuildFile; fileRef = 65452F61221CA14C009B28DF /* YummlyProtocol.swift */; };
		65452F64221CB8B1009B28DF /* YummlySession.swift in Sources */ = {isa = PBXBuildFile; fileRef = 65452F63221CB8B1009B28DF /* YummlySession.swift */; };
		65452F66221CBA2D009B28DF /* YummlyService.swift in Sources */ = {isa = PBXBuildFile; fileRef = 65452F65221CBA2D009B28DF /* YummlyService.swift */; };
		65452F68221D59FC009B28DF /* YummlyRecipes.swift in Sources */ = {isa = PBXBuildFile; fileRef = 65452F67221D59FC009B28DF /* YummlyRecipes.swift */; };
		65479431224B86680004A111 /* RecipeDetails.json in Resources */ = {isa = PBXBuildFile; fileRef = 65479430224B86680004A111 /* RecipeDetails.json */; };
		654B2160226BBE2A00F2E7D3 /* Data.swift in Sources */ = {isa = PBXBuildFile; fileRef = 654B215F226BBE2A00F2E7D3 /* Data.swift */; };
		654B218A227066E000F2E7D3 /* FakeData.swift in Sources */ = {isa = PBXBuildFile; fileRef = 654B2189227066E000F2E7D3 /* FakeData.swift */; };
		654B218C227078CC00F2E7D3 /* Ingredients.png in Resources */ = {isa = PBXBuildFile; fileRef = 654B218B227078CC00F2E7D3 /* Ingredients.png */; };
		654B8193224D550700F62A8D /* FakeNetworkResponse.swift in Sources */ = {isa = PBXBuildFile; fileRef = 654B8192224D550700F62A8D /* FakeNetworkResponse.swift */; };
		654B8197225397C400F62A8D /* RecipeEntity.swift in Sources */ = {isa = PBXBuildFile; fileRef = 654B8196225397C400F62A8D /* RecipeEntity.swift */; };
		654B81992254006500F62A8D /* IngredientEntity.swift in Sources */ = {isa = PBXBuildFile; fileRef = 654B81982254006500F62A8D /* IngredientEntity.swift */; };
		654B81D7225BD73800F62A8D /* UIImage.swift in Sources */ = {isa = PBXBuildFile; fileRef = 654B81D6225BD73800F62A8D /* UIImage.swift */; };
		654B81DB225C9C8F00F62A8D /* FavoritesViewController.swift in Sources */ = {isa = PBXBuildFile; fileRef = 654B81DA225C9C8F00F62A8D /* FavoritesViewController.swift */; };
		654B81DD225C9EE000F62A8D /* FavoriteTableViewCell.swift in Sources */ = {isa = PBXBuildFile; fileRef = 654B81DC225C9EE000F62A8D /* FavoriteTableViewCell.swift */; };
		6559F878223C5AC300945076 /* UIStackView.swift in Sources */ = {isa = PBXBuildFile; fileRef = 6559F877223C5AC300945076 /* UIStackView.swift */; };
		6563F32422246BFF0016A132 /* RecipesViewController.swift in Sources */ = {isa = PBXBuildFile; fileRef = 6563F32322246BFF0016A132 /* RecipesViewController.swift */; };
		6563F3262225D8940016A132 /* RecipeTableViewCell.swift in Sources */ = {isa = PBXBuildFile; fileRef = 6563F3252225D8940016A132 /* RecipeTableViewCell.swift */; };
		65985AF2224134F000737172 /* Int.swift in Sources */ = {isa = PBXBuildFile; fileRef = 65985AF1224134F000737172 /* Int.swift */; };
		65985AF422413ADB00737172 /* Float.swift in Sources */ = {isa = PBXBuildFile; fileRef = 65985AF322413ADB00737172 /* Float.swift */; };
		65985AF62241749A00737172 /* UIViewController.swift in Sources */ = {isa = PBXBuildFile; fileRef = 65985AF52241749A00737172 /* UIViewController.swift */; };
		65985AF822466F2400737172 /* YummlyRecipeDetails.swift in Sources */ = {isa = PBXBuildFile; fileRef = 65985AF722466F2400737172 /* YummlyRecipeDetails.swift */; };
		65DD38BD222C098A009894AF /* YummlySessionFake.swift in Sources */ = {isa = PBXBuildFile; fileRef = 65DD38BC222C098A009894AF /* YummlySessionFake.swift */; };
		65DD38C1222C0D1A009894AF /* Recipes.json in Resources */ = {isa = PBXBuildFile; fileRef = 65DD38C0222C0D1A009894AF /* Recipes.json */; };
		65DD38C3222C114D009894AF /* FakeResponse.swift in Sources */ = {isa = PBXBuildFile; fileRef = 65DD38C2222C114D009894AF /* FakeResponse.swift */; };
		65DD38C6222C160D009894AF /* YummlyServiceTests.swift in Sources */ = {isa = PBXBuildFile; fileRef = 65DD38C5222C160D009894AF /* YummlyServiceTests.swift */; };
		65DD38C8222FC911009894AF /* UIView.swift in Sources */ = {isa = PBXBuildFile; fileRef = 65DD38C7222FC911009894AF /* UIView.swift */; };
		65DD38CA222FDA48009894AF /* DetailsViewController.swift in Sources */ = {isa = PBXBuildFile; fileRef = 65DD38C9222FDA48009894AF /* DetailsViewController.swift */; };
		65FB6CCA2274860900129864 /* CoreDataTests.swift in Sources */ = {isa = PBXBuildFile; fileRef = 65FB6CC92274860900129864 /* CoreDataTests.swift */; };
		6811117E16E75786F75A2351 /* Pods_RecipleaseTests.framework in Frameworks */ = {isa = PBXBuildFile; fileRef = 648DB11AF8C90428601CAB26 /* Pods_RecipleaseTests.framework */; };
		EE94AA1A98EF0273ABD85587 /* Pods_Reciplease.framework in Frameworks */ = {isa = PBXBuildFile; fileRef = 3F88477B9FB7C8B329AA1EDC /* Pods_Reciplease.framework */; };
/* End PBXBuildFile section */

/* Begin PBXContainerItemProxy section */
		6512D2952208F4DF00C53E19 /* PBXContainerItemProxy */ = {
			isa = PBXContainerItemProxy;
			containerPortal = 6512D2752208F4DB00C53E19 /* Project object */;
			proxyType = 1;
			remoteGlobalIDString = 6512D27C2208F4DC00C53E19;
			remoteInfo = Reciplease;
		};
/* End PBXContainerItemProxy section */

/* Begin PBXFileReference section */
		1E82FCD0CCCD665BC366295F /* Pods-Reciplease.debug.xcconfig */ = {isa = PBXFileReference; includeInIndex = 1; lastKnownFileType = text.xcconfig; name = "Pods-Reciplease.debug.xcconfig"; path = "Pods/Target Support Files/Pods-Reciplease/Pods-Reciplease.debug.xcconfig"; sourceTree = "<group>"; };
		3F88477B9FB7C8B329AA1EDC /* Pods_Reciplease.framework */ = {isa = PBXFileReference; explicitFileType = wrapper.framework; includeInIndex = 0; path = Pods_Reciplease.framework; sourceTree = BUILT_PRODUCTS_DIR; };
		4FA892319D5E401998A64FFD /* Pods-RecipleaseTests.release.xcconfig */ = {isa = PBXFileReference; includeInIndex = 1; lastKnownFileType = text.xcconfig; name = "Pods-RecipleaseTests.release.xcconfig"; path = "Pods/Target Support Files/Pods-RecipleaseTests/Pods-RecipleaseTests.release.xcconfig"; sourceTree = "<group>"; };
		648DB11AF8C90428601CAB26 /* Pods_RecipleaseTests.framework */ = {isa = PBXFileReference; explicitFileType = wrapper.framework; includeInIndex = 0; path = Pods_RecipleaseTests.framework; sourceTree = BUILT_PRODUCTS_DIR; };
		6512D27D2208F4DC00C53E19 /* Reciplease.app */ = {isa = PBXFileReference; explicitFileType = wrapper.application; includeInIndex = 0; path = Reciplease.app; sourceTree = BUILT_PRODUCTS_DIR; };
		6512D2802208F4DC00C53E19 /* AppDelegate.swift */ = {isa = PBXFileReference; lastKnownFileType = sourcecode.swift; path = AppDelegate.swift; sourceTree = "<group>"; };
		6512D2822208F4DC00C53E19 /* SearchViewController.swift */ = {isa = PBXFileReference; lastKnownFileType = sourcecode.swift; path = SearchViewController.swift; sourceTree = "<group>"; };
		6512D2852208F4DC00C53E19 /* Base */ = {isa = PBXFileReference; lastKnownFileType = file.storyboard; name = Base; path = Base.lproj/Main.storyboard; sourceTree = "<group>"; };
		6512D2882208F4DC00C53E19 /* Reciplease.xcdatamodel */ = {isa = PBXFileReference; lastKnownFileType = wrapper.xcdatamodel; path = Reciplease.xcdatamodel; sourceTree = "<group>"; };
		6512D28A2208F4DF00C53E19 /* Assets.xcassets */ = {isa = PBXFileReference; lastKnownFileType = folder.assetcatalog; path = Assets.xcassets; sourceTree = "<group>"; };
		6512D28D2208F4DF00C53E19 /* Base */ = {isa = PBXFileReference; lastKnownFileType = file.storyboard; name = Base; path = Base.lproj/LaunchScreen.storyboard; sourceTree = "<group>"; };
		6512D28F2208F4DF00C53E19 /* Info.plist */ = {isa = PBXFileReference; lastKnownFileType = text.plist.xml; path = Info.plist; sourceTree = "<group>"; };
		6512D2942208F4DF00C53E19 /* RecipleaseTests.xctest */ = {isa = PBXFileReference; explicitFileType = wrapper.cfbundle; includeInIndex = 0; path = RecipleaseTests.xctest; sourceTree = BUILT_PRODUCTS_DIR; };
		6512D29A2208F4DF00C53E19 /* Info.plist */ = {isa = PBXFileReference; lastKnownFileType = text.plist.xml; path = Info.plist; sourceTree = "<group>"; };
		65452F5C2214274C009B28DF /* Constants.swift */ = {isa = PBXFileReference; lastKnownFileType = sourcecode.swift; path = Constants.swift; sourceTree = "<group>"; };
		65452F5F2219E372009B28DF /* String.swift */ = {isa = PBXFileReference; lastKnownFileType = sourcecode.swift; path = String.swift; sourceTree = "<group>"; };
		65452F61221CA14C009B28DF /* YummlyProtocol.swift */ = {isa = PBXFileReference; lastKnownFileType = sourcecode.swift; path = YummlyProtocol.swift; sourceTree = "<group>"; };
		65452F63221CB8B1009B28DF /* YummlySession.swift */ = {isa = PBXFileReference; lastKnownFileType = sourcecode.swift; path = YummlySession.swift; sourceTree = "<group>"; };
		65452F65221CBA2D009B28DF /* YummlyService.swift */ = {isa = PBXFileReference; lastKnownFileType = sourcecode.swift; path = YummlyService.swift; sourceTree = "<group>"; };
		65452F67221D59FC009B28DF /* YummlyRecipes.swift */ = {isa = PBXFileReference; lastKnownFileType = sourcecode.swift; path = YummlyRecipes.swift; sourceTree = "<group>"; };
		65479430224B86680004A111 /* RecipeDetails.json */ = {isa = PBXFileReference; lastKnownFileType = text.json; path = RecipeDetails.json; sourceTree = "<group>"; };
		654B215F226BBE2A00F2E7D3 /* Data.swift */ = {isa = PBXFileReference; lastKnownFileType = sourcecode.swift; path = Data.swift; sourceTree = "<group>"; };
		654B2189227066E000F2E7D3 /* FakeData.swift */ = {isa = PBXFileReference; lastKnownFileType = sourcecode.swift; path = FakeData.swift; sourceTree = "<group>"; };
		654B218B227078CC00F2E7D3 /* Ingredients.png */ = {isa = PBXFileReference; lastKnownFileType = image.png; path = Ingredients.png; sourceTree = "<group>"; };
		654B8192224D550700F62A8D /* FakeNetworkResponse.swift */ = {isa = PBXFileReference; lastKnownFileType = sourcecode.swift; path = FakeNetworkResponse.swift; sourceTree = "<group>"; };
		654B8196225397C400F62A8D /* RecipeEntity.swift */ = {isa = PBXFileReference; lastKnownFileType = sourcecode.swift; path = RecipeEntity.swift; sourceTree = "<group>"; };
		654B81982254006500F62A8D /* IngredientEntity.swift */ = {isa = PBXFileReference; lastKnownFileType = sourcecode.swift; path = IngredientEntity.swift; sourceTree = "<group>"; };
		654B81D6225BD73800F62A8D /* UIImage.swift */ = {isa = PBXFileReference; lastKnownFileType = sourcecode.swift; path = UIImage.swift; sourceTree = "<group>"; };
		654B81DA225C9C8F00F62A8D /* FavoritesViewController.swift */ = {isa = PBXFileReference; lastKnownFileType = sourcecode.swift; path = FavoritesViewController.swift; sourceTree = "<group>"; };
		654B81DC225C9EE000F62A8D /* FavoriteTableViewCell.swift */ = {isa = PBXFileReference; lastKnownFileType = sourcecode.swift; path = FavoriteTableViewCell.swift; sourceTree = "<group>"; };
		6559F877223C5AC300945076 /* UIStackView.swift */ = {isa = PBXFileReference; lastKnownFileType = sourcecode.swift; path = UIStackView.swift; sourceTree = "<group>"; };
		6563F32322246BFF0016A132 /* RecipesViewController.swift */ = {isa = PBXFileReference; lastKnownFileType = sourcecode.swift; path = RecipesViewController.swift; sourceTree = "<group>"; };
		6563F3252225D8940016A132 /* RecipeTableViewCell.swift */ = {isa = PBXFileReference; lastKnownFileType = sourcecode.swift; path = RecipeTableViewCell.swift; sourceTree = "<group>"; };
		65985AF1224134F000737172 /* Int.swift */ = {isa = PBXFileReference; lastKnownFileType = sourcecode.swift; path = Int.swift; sourceTree = "<group>"; };
		65985AF322413ADB00737172 /* Float.swift */ = {isa = PBXFileReference; lastKnownFileType = sourcecode.swift; path = Float.swift; sourceTree = "<group>"; };
		65985AF52241749A00737172 /* UIViewController.swift */ = {isa = PBXFileReference; lastKnownFileType = sourcecode.swift; path = UIViewController.swift; sourceTree = "<group>"; };
		65985AF722466F2400737172 /* YummlyRecipeDetails.swift */ = {isa = PBXFileReference; lastKnownFileType = sourcecode.swift; path = YummlyRecipeDetails.swift; sourceTree = "<group>"; };
		65DD38BC222C098A009894AF /* YummlySessionFake.swift */ = {isa = PBXFileReference; lastKnownFileType = sourcecode.swift; path = YummlySessionFake.swift; sourceTree = "<group>"; };
		65DD38C0222C0D1A009894AF /* Recipes.json */ = {isa = PBXFileReference; lastKnownFileType = text.json; path = Recipes.json; sourceTree = "<group>"; };
		65DD38C2222C114D009894AF /* FakeResponse.swift */ = {isa = PBXFileReference; lastKnownFileType = sourcecode.swift; path = FakeResponse.swift; sourceTree = "<group>"; };
		65DD38C5222C160D009894AF /* YummlyServiceTests.swift */ = {isa = PBXFileReference; lastKnownFileType = sourcecode.swift; path = YummlyServiceTests.swift; sourceTree = "<group>"; };
		65DD38C7222FC911009894AF /* UIView.swift */ = {isa = PBXFileReference; lastKnownFileType = sourcecode.swift; path = UIView.swift; sourceTree = "<group>"; };
		65DD38C9222FDA48009894AF /* DetailsViewController.swift */ = {isa = PBXFileReference; lastKnownFileType = sourcecode.swift; path = DetailsViewController.swift; sourceTree = "<group>"; };
		65FB6CC92274860900129864 /* CoreDataTests.swift */ = {isa = PBXFileReference; lastKnownFileType = sourcecode.swift; path = CoreDataTests.swift; sourceTree = "<group>"; };
		83F6470ADEFCE79E2949D5E0 /* Pods-Reciplease.release.xcconfig */ = {isa = PBXFileReference; includeInIndex = 1; lastKnownFileType = text.xcconfig; name = "Pods-Reciplease.release.xcconfig"; path = "Pods/Target Support Files/Pods-Reciplease/Pods-Reciplease.release.xcconfig"; sourceTree = "<group>"; };
		EB3DD8206CC9CF1D7F97B035 /* Pods-RecipleaseTests.debug.xcconfig */ = {isa = PBXFileReference; includeInIndex = 1; lastKnownFileType = text.xcconfig; name = "Pods-RecipleaseTests.debug.xcconfig"; path = "Pods/Target Support Files/Pods-RecipleaseTests/Pods-RecipleaseTests.debug.xcconfig"; sourceTree = "<group>"; };
/* End PBXFileReference section */

/* Begin PBXFrameworksBuildPhase section */
		6512D27A2208F4DC00C53E19 /* Frameworks */ = {
			isa = PBXFrameworksBuildPhase;
			buildActionMask = 2147483647;
			files = (
				EE94AA1A98EF0273ABD85587 /* Pods_Reciplease.framework in Frameworks */,
			);
			runOnlyForDeploymentPostprocessing = 0;
		};
		6512D2912208F4DF00C53E19 /* Frameworks */ = {
			isa = PBXFrameworksBuildPhase;
			buildActionMask = 2147483647;
			files = (
				6811117E16E75786F75A2351 /* Pods_RecipleaseTests.framework in Frameworks */,
			);
			runOnlyForDeploymentPostprocessing = 0;
		};
/* End PBXFrameworksBuildPhase section */

/* Begin PBXGroup section */
		0B1730EC65C9A628C64ED8B1 /* Pods */ = {
			isa = PBXGroup;
			children = (
				1E82FCD0CCCD665BC366295F /* Pods-Reciplease.debug.xcconfig */,
				83F6470ADEFCE79E2949D5E0 /* Pods-Reciplease.release.xcconfig */,
				EB3DD8206CC9CF1D7F97B035 /* Pods-RecipleaseTests.debug.xcconfig */,
				4FA892319D5E401998A64FFD /* Pods-RecipleaseTests.release.xcconfig */,
			);
			name = Pods;
			sourceTree = "<group>";
		};
		35AE9E8922446CF537599EE7 /* Frameworks */ = {
			isa = PBXGroup;
			children = (
				3F88477B9FB7C8B329AA1EDC /* Pods_Reciplease.framework */,
				648DB11AF8C90428601CAB26 /* Pods_RecipleaseTests.framework */,
			);
			name = Frameworks;
			sourceTree = "<group>";
		};
		6512D2742208F4DB00C53E19 = {
			isa = PBXGroup;
			children = (
				6512D27F2208F4DC00C53E19 /* Reciplease */,
				6512D2972208F4DF00C53E19 /* RecipleaseTests */,
				6512D27E2208F4DC00C53E19 /* Products */,
				0B1730EC65C9A628C64ED8B1 /* Pods */,
				35AE9E8922446CF537599EE7 /* Frameworks */,
			);
			sourceTree = "<group>";
		};
		6512D27E2208F4DC00C53E19 /* Products */ = {
			isa = PBXGroup;
			children = (
				6512D27D2208F4DC00C53E19 /* Reciplease.app */,
				6512D2942208F4DF00C53E19 /* RecipleaseTests.xctest */,
			);
			name = Products;
			sourceTree = "<group>";
		};
		6512D27F2208F4DC00C53E19 /* Reciplease */ = {
			isa = PBXGroup;
			children = (
				6512D2A52208F94400C53E19 /* Model */,
				6512D2A42208F93B00C53E19 /* View */,
				6512D2A32208F92F00C53E19 /* Controller */,
				65452F5E2219E348009B28DF /* Extensions */,
				6512D2A62208F99100C53E19 /* Supporting Files */,
				6512D2802208F4DC00C53E19 /* AppDelegate.swift */,
			);
			path = Reciplease;
			sourceTree = "<group>";
		};
		6512D2972208F4DF00C53E19 /* RecipleaseTests */ = {
			isa = PBXGroup;
			children = (
				65DD38C4222C1446009894AF /* Helpers */,
				6512D29A2208F4DF00C53E19 /* Info.plist */,
				65DD38C5222C160D009894AF /* YummlyServiceTests.swift */,
				65FB6CC92274860900129864 /* CoreDataTests.swift */,
			);
			path = RecipleaseTests;
			sourceTree = "<group>";
		};
		6512D2A32208F92F00C53E19 /* Controller */ = {
			isa = PBXGroup;
			children = (
				6512D2822208F4DC00C53E19 /* SearchViewController.swift */,
				6563F32322246BFF0016A132 /* RecipesViewController.swift */,
				65DD38C9222FDA48009894AF /* DetailsViewController.swift */,
				654B81DA225C9C8F00F62A8D /* FavoritesViewController.swift */,
			);
			path = Controller;
			sourceTree = "<group>";
		};
		6512D2A42208F93B00C53E19 /* View */ = {
			isa = PBXGroup;
			children = (
				6512D2842208F4DC00C53E19 /* Main.storyboard */,
				6512D28C2208F4DF00C53E19 /* LaunchScreen.storyboard */,
				6563F3252225D8940016A132 /* RecipeTableViewCell.swift */,
				654B81DC225C9EE000F62A8D /* FavoriteTableViewCell.swift */,
			);
			path = View;
			sourceTree = "<group>";
		};
		6512D2A52208F94400C53E19 /* Model */ = {
			isa = PBXGroup;
			children = (
				6512D2872208F4DC00C53E19 /* Reciplease.xcdatamodeld */,
				65452F61221CA14C009B28DF /* YummlyProtocol.swift */,
				65452F63221CB8B1009B28DF /* YummlySession.swift */,
				65452F65221CBA2D009B28DF /* YummlyService.swift */,
				65452F67221D59FC009B28DF /* YummlyRecipes.swift */,
				65985AF722466F2400737172 /* YummlyRecipeDetails.swift */,
				654B8196225397C400F62A8D /* RecipeEntity.swift */,
				654B81982254006500F62A8D /* IngredientEntity.swift */,
			);
			path = Model;
			sourceTree = "<group>";
		};
		6512D2A62208F99100C53E19 /* Supporting Files */ = {
			isa = PBXGroup;
			children = (
				6512D28A2208F4DF00C53E19 /* Assets.xcassets */,
				6512D28F2208F4DF00C53E19 /* Info.plist */,
				65452F5C2214274C009B28DF /* Constants.swift */,
			);
			path = "Supporting Files";
			sourceTree = "<group>";
		};
		65452F5E2219E348009B28DF /* Extensions */ = {
			isa = PBXGroup;
			children = (
				65452F5F2219E372009B28DF /* String.swift */,
				65DD38C7222FC911009894AF /* UIView.swift */,
				6559F877223C5AC300945076 /* UIStackView.swift */,
				65985AF1224134F000737172 /* Int.swift */,
				65985AF322413ADB00737172 /* Float.swift */,
				65985AF52241749A00737172 /* UIViewController.swift */,
				654B81D6225BD73800F62A8D /* UIImage.swift */,
				654B215F226BBE2A00F2E7D3 /* Data.swift */,
			);
			path = Extensions;
			sourceTree = "<group>";
		};
		65DD38C4222C1446009894AF /* Helpers */ = {
			isa = PBXGroup;
			children = (
				65DD38C2222C114D009894AF /* FakeResponse.swift */,
				65DD38BC222C098A009894AF /* YummlySessionFake.swift */,
				654B8192224D550700F62A8D /* FakeNetworkResponse.swift */,
				654B2189227066E000F2E7D3 /* FakeData.swift */,
				65DD38C0222C0D1A009894AF /* Recipes.json */,
				65479430224B86680004A111 /* RecipeDetails.json */,
				654B218B227078CC00F2E7D3 /* Ingredients.png */,
			);
			path = Helpers;
			sourceTree = "<group>";
		};
/* End PBXGroup section */

/* Begin PBXNativeTarget section */
		6512D27C2208F4DC00C53E19 /* Reciplease */ = {
			isa = PBXNativeTarget;
			buildConfigurationList = 6512D29D2208F4DF00C53E19 /* Build configuration list for PBXNativeTarget "Reciplease" */;
			buildPhases = (
				981A0BA405D39E60CF565E6B /* [CP] Check Pods Manifest.lock */,
				6512D2792208F4DC00C53E19 /* Sources */,
				6512D27A2208F4DC00C53E19 /* Frameworks */,
				6512D27B2208F4DC00C53E19 /* Resources */,
				3BF3268012CA1D38433D7E4F /* [CP] Embed Pods Frameworks */,
			);
			buildRules = (
			);
			dependencies = (
			);
			name = Reciplease;
			productName = Reciplease;
			productReference = 6512D27D2208F4DC00C53E19 /* Reciplease.app */;
			productType = "com.apple.product-type.application";
		};
		6512D2932208F4DF00C53E19 /* RecipleaseTests */ = {
			isa = PBXNativeTarget;
			buildConfigurationList = 6512D2A02208F4DF00C53E19 /* Build configuration list for PBXNativeTarget "RecipleaseTests" */;
			buildPhases = (
				A0345B015EDF7A13C8028CD2 /* [CP] Check Pods Manifest.lock */,
				6512D2902208F4DF00C53E19 /* Sources */,
				6512D2912208F4DF00C53E19 /* Frameworks */,
				6512D2922208F4DF00C53E19 /* Resources */,
			);
			buildRules = (
			);
			dependencies = (
				6512D2962208F4DF00C53E19 /* PBXTargetDependency */,
			);
			name = RecipleaseTests;
			productName = RecipleaseTests;
			productReference = 6512D2942208F4DF00C53E19 /* RecipleaseTests.xctest */;
			productType = "com.apple.product-type.bundle.unit-test";
		};
/* End PBXNativeTarget section */

/* Begin PBXProject section */
		6512D2752208F4DB00C53E19 /* Project object */ = {
			isa = PBXProject;
			attributes = {
				LastSwiftUpdateCheck = 1010;
				LastUpgradeCheck = 1010;
				ORGANIZATIONNAME = "Daniel BENDEMAGH";
				TargetAttributes = {
					6512D27C2208F4DC00C53E19 = {
						CreatedOnToolsVersion = 10.1;
						LastSwiftMigration = 1020;
					};
					6512D2932208F4DF00C53E19 = {
						CreatedOnToolsVersion = 10.1;
						LastSwiftMigration = 1020;
						TestTargetID = 6512D27C2208F4DC00C53E19;
					};
				};
			};
			buildConfigurationList = 6512D2782208F4DB00C53E19 /* Build configuration list for PBXProject "Reciplease" */;
			compatibilityVersion = "Xcode 9.3";
			developmentRegion = en;
			hasScannedForEncodings = 0;
			knownRegions = (
				en,
				Base,
			);
			mainGroup = 6512D2742208F4DB00C53E19;
			productRefGroup = 6512D27E2208F4DC00C53E19 /* Products */;
			projectDirPath = "";
			projectRoot = "";
			targets = (
				6512D27C2208F4DC00C53E19 /* Reciplease */,
				6512D2932208F4DF00C53E19 /* RecipleaseTests */,
			);
		};
/* End PBXProject section */

/* Begin PBXResourcesBuildPhase section */
		6512D27B2208F4DC00C53E19 /* Resources */ = {
			isa = PBXResourcesBuildPhase;
			buildActionMask = 2147483647;
			files = (
				6512D28E2208F4DF00C53E19 /* LaunchScreen.storyboard in Resources */,
				6512D28B2208F4DF00C53E19 /* Assets.xcassets in Resources */,
				6512D2862208F4DC00C53E19 /* Main.storyboard in Resources */,
			);
			runOnlyForDeploymentPostprocessing = 0;
		};
		6512D2922208F4DF00C53E19 /* Resources */ = {
			isa = PBXResourcesBuildPhase;
			buildActionMask = 2147483647;
			files = (
				65DD38C1222C0D1A009894AF /* Recipes.json in Resources */,
				65479431224B86680004A111 /* RecipeDetails.json in Resources */,
				654B218C227078CC00F2E7D3 /* Ingredients.png in Resources */,
			);
			runOnlyForDeploymentPostprocessing = 0;
		};
/* End PBXResourcesBuildPhase section */

/* Begin PBXShellScriptBuildPhase section */
		3BF3268012CA1D38433D7E4F /* [CP] Embed Pods Frameworks */ = {
			isa = PBXShellScriptBuildPhase;
			buildActionMask = 2147483647;
			files = (
			);
			inputPaths = (
				"${SRCROOT}/Pods/Target Support Files/Pods-Reciplease/Pods-Reciplease-frameworks.sh",
				"${BUILT_PRODUCTS_DIR}/Alamofire/Alamofire.framework",
				"${BUILT_PRODUCTS_DIR}/SDWebImage/SDWebImage.framework",
			);
			name = "[CP] Embed Pods Frameworks";
			outputPaths = (
				"${TARGET_BUILD_DIR}/${FRAMEWORKS_FOLDER_PATH}/Alamofire.framework",
				"${TARGET_BUILD_DIR}/${FRAMEWORKS_FOLDER_PATH}/SDWebImage.framework",
			);
			runOnlyForDeploymentPostprocessing = 0;
			shellPath = /bin/sh;
			shellScript = "\"${SRCROOT}/Pods/Target Support Files/Pods-Reciplease/Pods-Reciplease-frameworks.sh\"\n";
			showEnvVarsInLog = 0;
		};
		981A0BA405D39E60CF565E6B /* [CP] Check Pods Manifest.lock */ = {
			isa = PBXShellScriptBuildPhase;
			buildActionMask = 2147483647;
			files = (
			);
			inputPaths = (
				"${PODS_PODFILE_DIR_PATH}/Podfile.lock",
				"${PODS_ROOT}/Manifest.lock",
			);
			name = "[CP] Check Pods Manifest.lock";
			outputPaths = (
				"$(DERIVED_FILE_DIR)/Pods-Reciplease-checkManifestLockResult.txt",
			);
			runOnlyForDeploymentPostprocessing = 0;
			shellPath = /bin/sh;
			shellScript = "diff \"${PODS_PODFILE_DIR_PATH}/Podfile.lock\" \"${PODS_ROOT}/Manifest.lock\" > /dev/null\nif [ $? != 0 ] ; then\n    # print error to STDERR\n    echo \"error: The sandbox is not in sync with the Podfile.lock. Run 'pod install' or update your CocoaPods installation.\" >&2\n    exit 1\nfi\n# This output is used by Xcode 'outputs' to avoid re-running this script phase.\necho \"SUCCESS\" > \"${SCRIPT_OUTPUT_FILE_0}\"\n";
			showEnvVarsInLog = 0;
		};
		A0345B015EDF7A13C8028CD2 /* [CP] Check Pods Manifest.lock */ = {
			isa = PBXShellScriptBuildPhase;
			buildActionMask = 2147483647;
			files = (
			);
			inputPaths = (
				"${PODS_PODFILE_DIR_PATH}/Podfile.lock",
				"${PODS_ROOT}/Manifest.lock",
			);
			name = "[CP] Check Pods Manifest.lock";
			outputPaths = (
				"$(DERIVED_FILE_DIR)/Pods-RecipleaseTests-checkManifestLockResult.txt",
			);
			runOnlyForDeploymentPostprocessing = 0;
			shellPath = /bin/sh;
			shellScript = "diff \"${PODS_PODFILE_DIR_PATH}/Podfile.lock\" \"${PODS_ROOT}/Manifest.lock\" > /dev/null\nif [ $? != 0 ] ; then\n    # print error to STDERR\n    echo \"error: The sandbox is not in sync with the Podfile.lock. Run 'pod install' or update your CocoaPods installation.\" >&2\n    exit 1\nfi\n# This output is used by Xcode 'outputs' to avoid re-running this script phase.\necho \"SUCCESS\" > \"${SCRIPT_OUTPUT_FILE_0}\"\n";
			showEnvVarsInLog = 0;
		};
/* End PBXShellScriptBuildPhase section */

/* Begin PBXSourcesBuildPhase section */
		6512D2792208F4DC00C53E19 /* Sources */ = {
			isa = PBXSourcesBuildPhase;
			buildActionMask = 2147483647;
			files = (
				65452F64221CB8B1009B28DF /* YummlySession.swift in Sources */,
				654B81DD225C9EE000F62A8D /* FavoriteTableViewCell.swift in Sources */,
				65452F602219E372009B28DF /* String.swift in Sources */,
				65985AF822466F2400737172 /* YummlyRecipeDetails.swift in Sources */,
				65452F5D2214274C009B28DF /* Constants.swift in Sources */,
				6563F3262225D8940016A132 /* RecipeTableViewCell.swift in Sources */,
				65DD38C8222FC911009894AF /* UIView.swift in Sources */,
				654B2160226BBE2A00F2E7D3 /* Data.swift in Sources */,
				654B81D7225BD73800F62A8D /* UIImage.swift in Sources */,
				6512D2892208F4DC00C53E19 /* Reciplease.xcdatamodeld in Sources */,
				65452F66221CBA2D009B28DF /* YummlyService.swift in Sources */,
				6512D2832208F4DC00C53E19 /* SearchViewController.swift in Sources */,
				65985AF62241749A00737172 /* UIViewController.swift in Sources */,
				65452F68221D59FC009B28DF /* YummlyRecipes.swift in Sources */,
				6559F878223C5AC300945076 /* UIStackView.swift in Sources */,
				654B81992254006500F62A8D /* IngredientEntity.swift in Sources */,
				65452F62221CA14C009B28DF /* YummlyProtocol.swift in Sources */,
				6563F32422246BFF0016A132 /* RecipesViewController.swift in Sources */,
				65985AF422413ADB00737172 /* Float.swift in Sources */,
				65985AF2224134F000737172 /* Int.swift in Sources */,
				654B8197225397C400F62A8D /* RecipeEntity.swift in Sources */,
				654B81DB225C9C8F00F62A8D /* FavoritesViewController.swift in Sources */,
				65DD38CA222FDA48009894AF /* DetailsViewController.swift in Sources */,
				6512D2812208F4DC00C53E19 /* AppDelegate.swift in Sources */,
			);
			runOnlyForDeploymentPostprocessing = 0;
		};
		6512D2902208F4DF00C53E19 /* Sources */ = {
			isa = PBXSourcesBuildPhase;
			buildActionMask = 2147483647;
			files = (
				65DD38BD222C098A009894AF /* YummlySessionFake.swift in Sources */,
				65DD38C3222C114D009894AF /* FakeResponse.swift in Sources */,
				65FB6CCA2274860900129864 /* CoreDataTests.swift in Sources */,
				654B8193224D550700F62A8D /* FakeNetworkResponse.swift in Sources */,
				654B218A227066E000F2E7D3 /* FakeData.swift in Sources */,
				65DD38C6222C160D009894AF /* YummlyServiceTests.swift in Sources */,
			);
			runOnlyForDeploymentPostprocessing = 0;
		};
/* End PBXSourcesBuildPhase section */

/* Begin PBXTargetDependency section */
		6512D2962208F4DF00C53E19 /* PBXTargetDependency */ = {
			isa = PBXTargetDependency;
			target = 6512D27C2208F4DC00C53E19 /* Reciplease */;
			targetProxy = 6512D2952208F4DF00C53E19 /* PBXContainerItemProxy */;
		};
/* End PBXTargetDependency section */

/* Begin PBXVariantGroup section */
		6512D2842208F4DC00C53E19 /* Main.storyboard */ = {
			isa = PBXVariantGroup;
			children = (
				6512D2852208F4DC00C53E19 /* Base */,
			);
			name = Main.storyboard;
			sourceTree = "<group>";
		};
		6512D28C2208F4DF00C53E19 /* LaunchScreen.storyboard */ = {
			isa = PBXVariantGroup;
			children = (
				6512D28D2208F4DF00C53E19 /* Base */,
			);
			name = LaunchScreen.storyboard;
			sourceTree = "<group>";
		};
/* End PBXVariantGroup section */

/* Begin XCBuildConfiguration section */
		6512D29B2208F4DF00C53E19 /* Debug */ = {
			isa = XCBuildConfiguration;
			buildSettings = {
				ALWAYS_SEARCH_USER_PATHS = NO;
				CLANG_ANALYZER_NONNULL = YES;
				CLANG_ANALYZER_NUMBER_OBJECT_CONVERSION = YES_AGGRESSIVE;
				CLANG_CXX_LANGUAGE_STANDARD = "gnu++14";
				CLANG_CXX_LIBRARY = "libc++";
				CLANG_ENABLE_MODULES = YES;
				CLANG_ENABLE_OBJC_ARC = YES;
				CLANG_ENABLE_OBJC_WEAK = YES;
				CLANG_WARN_BLOCK_CAPTURE_AUTORELEASING = YES;
				CLANG_WARN_BOOL_CONVERSION = YES;
				CLANG_WARN_COMMA = YES;
				CLANG_WARN_CONSTANT_CONVERSION = YES;
				CLANG_WARN_DEPRECATED_OBJC_IMPLEMENTATIONS = YES;
				CLANG_WARN_DIRECT_OBJC_ISA_USAGE = YES_ERROR;
				CLANG_WARN_DOCUMENTATION_COMMENTS = YES;
				CLANG_WARN_EMPTY_BODY = YES;
				CLANG_WARN_ENUM_CONVERSION = YES;
				CLANG_WARN_INFINITE_RECURSION = YES;
				CLANG_WARN_INT_CONVERSION = YES;
				CLANG_WARN_NON_LITERAL_NULL_CONVERSION = YES;
				CLANG_WARN_OBJC_IMPLICIT_RETAIN_SELF = YES;
				CLANG_WARN_OBJC_LITERAL_CONVERSION = YES;
				CLANG_WARN_OBJC_ROOT_CLASS = YES_ERROR;
				CLANG_WARN_RANGE_LOOP_ANALYSIS = YES;
				CLANG_WARN_STRICT_PROTOTYPES = YES;
				CLANG_WARN_SUSPICIOUS_MOVE = YES;
				CLANG_WARN_UNGUARDED_AVAILABILITY = YES_AGGRESSIVE;
				CLANG_WARN_UNREACHABLE_CODE = YES;
				CLANG_WARN__DUPLICATE_METHOD_MATCH = YES;
				CODE_SIGN_IDENTITY = "iPhone Developer";
				COPY_PHASE_STRIP = NO;
				DEBUG_INFORMATION_FORMAT = dwarf;
				ENABLE_STRICT_OBJC_MSGSEND = YES;
				ENABLE_TESTABILITY = YES;
				GCC_C_LANGUAGE_STANDARD = gnu11;
				GCC_DYNAMIC_NO_PIC = NO;
				GCC_NO_COMMON_BLOCKS = YES;
				GCC_OPTIMIZATION_LEVEL = 0;
				GCC_PREPROCESSOR_DEFINITIONS = (
					"DEBUG=1",
					"$(inherited)",
				);
				GCC_WARN_64_TO_32_BIT_CONVERSION = YES;
				GCC_WARN_ABOUT_RETURN_TYPE = YES_ERROR;
				GCC_WARN_UNDECLARED_SELECTOR = YES;
				GCC_WARN_UNINITIALIZED_AUTOS = YES_AGGRESSIVE;
				GCC_WARN_UNUSED_FUNCTION = YES;
				GCC_WARN_UNUSED_VARIABLE = YES;
				IPHONEOS_DEPLOYMENT_TARGET = 12.2;
				MTL_ENABLE_DEBUG_INFO = INCLUDE_SOURCE;
				MTL_FAST_MATH = YES;
				ONLY_ACTIVE_ARCH = YES;
				SDKROOT = iphoneos;
				SWIFT_ACTIVE_COMPILATION_CONDITIONS = DEBUG;
				SWIFT_OPTIMIZATION_LEVEL = "-Onone";
			};
			name = Debug;
		};
		6512D29C2208F4DF00C53E19 /* Release */ = {
			isa = XCBuildConfiguration;
			buildSettings = {
				ALWAYS_SEARCH_USER_PATHS = NO;
				CLANG_ANALYZER_NONNULL = YES;
				CLANG_ANALYZER_NUMBER_OBJECT_CONVERSION = YES_AGGRESSIVE;
				CLANG_CXX_LANGUAGE_STANDARD = "gnu++14";
				CLANG_CXX_LIBRARY = "libc++";
				CLANG_ENABLE_MODULES = YES;
				CLANG_ENABLE_OBJC_ARC = YES;
				CLANG_ENABLE_OBJC_WEAK = YES;
				CLANG_WARN_BLOCK_CAPTURE_AUTORELEASING = YES;
				CLANG_WARN_BOOL_CONVERSION = YES;
				CLANG_WARN_COMMA = YES;
				CLANG_WARN_CONSTANT_CONVERSION = YES;
				CLANG_WARN_DEPRECATED_OBJC_IMPLEMENTATIONS = YES;
				CLANG_WARN_DIRECT_OBJC_ISA_USAGE = YES_ERROR;
				CLANG_WARN_DOCUMENTATION_COMMENTS = YES;
				CLANG_WARN_EMPTY_BODY = YES;
				CLANG_WARN_ENUM_CONVERSION = YES;
				CLANG_WARN_INFINITE_RECURSION = YES;
				CLANG_WARN_INT_CONVERSION = YES;
				CLANG_WARN_NON_LITERAL_NULL_CONVERSION = YES;
				CLANG_WARN_OBJC_IMPLICIT_RETAIN_SELF = YES;
				CLANG_WARN_OBJC_LITERAL_CONVERSION = YES;
				CLANG_WARN_OBJC_ROOT_CLASS = YES_ERROR;
				CLANG_WARN_RANGE_LOOP_ANALYSIS = YES;
				CLANG_WARN_STRICT_PROTOTYPES = YES;
				CLANG_WARN_SUSPICIOUS_MOVE = YES;
				CLANG_WARN_UNGUARDED_AVAILABILITY = YES_AGGRESSIVE;
				CLANG_WARN_UNREACHABLE_CODE = YES;
				CLANG_WARN__DUPLICATE_METHOD_MATCH = YES;
				CODE_SIGN_IDENTITY = "iPhone Developer";
				COPY_PHASE_STRIP = NO;
				DEBUG_INFORMATION_FORMAT = "dwarf-with-dsym";
				ENABLE_NS_ASSERTIONS = NO;
				ENABLE_STRICT_OBJC_MSGSEND = YES;
				GCC_C_LANGUAGE_STANDARD = gnu11;
				GCC_NO_COMMON_BLOCKS = YES;
				GCC_WARN_64_TO_32_BIT_CONVERSION = YES;
				GCC_WARN_ABOUT_RETURN_TYPE = YES_ERROR;
				GCC_WARN_UNDECLARED_SELECTOR = YES;
				GCC_WARN_UNINITIALIZED_AUTOS = YES_AGGRESSIVE;
				GCC_WARN_UNUSED_FUNCTION = YES;
				GCC_WARN_UNUSED_VARIABLE = YES;
				IPHONEOS_DEPLOYMENT_TARGET = 12.2;
				MTL_ENABLE_DEBUG_INFO = NO;
				MTL_FAST_MATH = YES;
				SDKROOT = iphoneos;
				SWIFT_COMPILATION_MODE = wholemodule;
				SWIFT_OPTIMIZATION_LEVEL = "-O";
				VALIDATE_PRODUCT = YES;
			};
			name = Release;
		};
		6512D29E2208F4DF00C53E19 /* Debug */ = {
			isa = XCBuildConfiguration;
			baseConfigurationReference = 1E82FCD0CCCD665BC366295F /* Pods-Reciplease.debug.xcconfig */;
			buildSettings = {
				ASSETCATALOG_COMPILER_APPICON_NAME = AppIcon;
				CODE_SIGN_STYLE = Automatic;
				DEVELOPMENT_TEAM = 9T29Y222Y3;
				INFOPLIST_FILE = "$(SRCROOT)/Reciplease/Supporting Files/Info.plist";
				IPHONEOS_DEPLOYMENT_TARGET = 12.2;
				LD_RUNPATH_SEARCH_PATHS = (
					"$(inherited)",
					"@executable_path/Frameworks",
				);
				PRODUCT_BUNDLE_IDENTIFIER = fr.dbendemagh.Reciplease;
				PRODUCT_NAME = "$(TARGET_NAME)";
				SWIFT_VERSION = 5.0;
				TARGETED_DEVICE_FAMILY = "1,2";
			};
			name = Debug;
		};
		6512D29F2208F4DF00C53E19 /* Release */ = {
			isa = XCBuildConfiguration;
			baseConfigurationReference = 83F6470ADEFCE79E2949D5E0 /* Pods-Reciplease.release.xcconfig */;
			buildSettings = {
				ASSETCATALOG_COMPILER_APPICON_NAME = AppIcon;
				CODE_SIGN_STYLE = Automatic;
				DEVELOPMENT_TEAM = 9T29Y222Y3;
				INFOPLIST_FILE = "$(SRCROOT)/Reciplease/Supporting Files/Info.plist";
				IPHONEOS_DEPLOYMENT_TARGET = 12.2;
				LD_RUNPATH_SEARCH_PATHS = (
					"$(inherited)",
					"@executable_path/Frameworks",
				);
				PRODUCT_BUNDLE_IDENTIFIER = fr.dbendemagh.Reciplease;
				PRODUCT_NAME = "$(TARGET_NAME)";
				SWIFT_VERSION = 5.0;
				TARGETED_DEVICE_FAMILY = "1,2";
			};
			name = Release;
		};
		6512D2A12208F4DF00C53E19 /* Debug */ = {
			isa = XCBuildConfiguration;
			baseConfigurationReference = EB3DD8206CC9CF1D7F97B035 /* Pods-RecipleaseTests.debug.xcconfig */;
			buildSettings = {
				ALWAYS_EMBED_SWIFT_STANDARD_LIBRARIES = YES;
				BUNDLE_LOADER = "$(TEST_HOST)";
				CODE_SIGN_STYLE = Automatic;
				DEVELOPMENT_TEAM = 9T29Y222Y3;
				INFOPLIST_FILE = RecipleaseTests/Info.plist;
				LD_RUNPATH_SEARCH_PATHS = (
					"$(inherited)",
					"@executable_path/Frameworks",
					"@loader_path/Frameworks",
				);
				PRODUCT_BUNDLE_IDENTIFIER = fr.dbendemagh.RecipleaseTests;
				PRODUCT_NAME = "$(TARGET_NAME)";
				SWIFT_VERSION = 5.0;
				TARGETED_DEVICE_FAMILY = "1,2";
				TEST_HOST = "$(BUILT_PRODUCTS_DIR)/Reciplease.app/Reciplease";
			};
			name = Debug;
		};
		6512D2A22208F4DF00C53E19 /* Release */ = {
			isa = XCBuildConfiguration;
			baseConfigurationReference = 4FA892319D5E401998A64FFD /* Pods-RecipleaseTests.release.xcconfig */;
			buildSettings = {
				ALWAYS_EMBED_SWIFT_STANDARD_LIBRARIES = YES;
				BUNDLE_LOADER = "$(TEST_HOST)";
				CODE_SIGN_STYLE = Automatic;
				DEVELOPMENT_TEAM = 9T29Y222Y3;
				INFOPLIST_FILE = RecipleaseTests/Info.plist;
				LD_RUNPATH_SEARCH_PATHS = (
					"$(inherited)",
					"@executable_path/Frameworks",
					"@loader_path/Frameworks",
				);
				PRODUCT_BUNDLE_IDENTIFIER = fr.dbendemagh.RecipleaseTests;
				PRODUCT_NAME = "$(TARGET_NAME)";
				SWIFT_VERSION = 5.0;
				TARGETED_DEVICE_FAMILY = "1,2";
				TEST_HOST = "$(BUILT_PRODUCTS_DIR)/Reciplease.app/Reciplease";
			};
			name = Release;
		};
/* End XCBuildConfiguration section */

/* Begin XCConfigurationList section */
		6512D2782208F4DB00C53E19 /* Build configuration list for PBXProject "Reciplease" */ = {
			isa = XCConfigurationList;
			buildConfigurations = (
				6512D29B2208F4DF00C53E19 /* Debug */,
				6512D29C2208F4DF00C53E19 /* Release */,
			);
			defaultConfigurationIsVisible = 0;
			defaultConfigurationName = Release;
		};
		6512D29D2208F4DF00C53E19 /* Build configuration list for PBXNativeTarget "Reciplease" */ = {
			isa = XCConfigurationList;
			buildConfigurations = (
				6512D29E2208F4DF00C53E19 /* Debug */,
				6512D29F2208F4DF00C53E19 /* Release */,
			);
			defaultConfigurationIsVisible = 0;
			defaultConfigurationName = Release;
		};
		6512D2A02208F4DF00C53E19 /* Build configuration list for PBXNativeTarget "RecipleaseTests" */ = {
			isa = XCConfigurationList;
			buildConfigurations = (
				6512D2A12208F4DF00C53E19 /* Debug */,
				6512D2A22208F4DF00C53E19 /* Release */,
			);
			defaultConfigurationIsVisible = 0;
			defaultConfigurationName = Release;
		};
/* End XCConfigurationList section */

/* Begin XCVersionGroup section */
		6512D2872208F4DC00C53E19 /* Reciplease.xcdatamodeld */ = {
			isa = XCVersionGroup;
			children = (
				6512D2882208F4DC00C53E19 /* Reciplease.xcdatamodel */,
			);
			currentVersion = 6512D2882208F4DC00C53E19 /* Reciplease.xcdatamodel */;
			path = Reciplease.xcdatamodeld;
			sourceTree = "<group>";
			versionGroupType = wrapper.xcdatamodel;
		};
/* End XCVersionGroup section */
	};
	rootObject = 6512D2752208F4DB00C53E19 /* Project object */;
}
